// !$*UTF8*$!
{
	archiveVersion = 1;
	classes = {
	};
	objectVersion = 56;
	objects = {

/* Begin PBXBuildFile section */
		BABFCBA02BD8F833005FE0A4 /* Gist_BindingApp.swift in Sources */ = {isa = PBXBuildFile; fileRef = BABFCB9F2BD8F833005FE0A4 /* Gist_BindingApp.swift */; };
		BABFCBA22BD8F833005FE0A4 /* ContentView.swift in Sources */ = {isa = PBXBuildFile; fileRef = BABFCBA12BD8F833005FE0A4 /* ContentView.swift */; };
		BABFCBA42BD8F835005FE0A4 /* Assets.xcassets in Resources */ = {isa = PBXBuildFile; fileRef = BABFCBA32BD8F835005FE0A4 /* Assets.xcassets */; };
		BABFCBA72BD8F835005FE0A4 /* Preview Assets.xcassets in Resources */ = {isa = PBXBuildFile; fileRef = BABFCBA62BD8F835005FE0A4 /* Preview Assets.xcassets */; };
		BABFCBA92BD8F835005FE0A4 /* Persistence.swift in Sources */ = {isa = PBXBuildFile; fileRef = BABFCBA82BD8F835005FE0A4 /* Persistence.swift */; };
		BABFCBAC2BD8F835005FE0A4 /* Gist_Binding.xcdatamodeld in Sources */ = {isa = PBXBuildFile; fileRef = BABFCBAA2BD8F835005FE0A4 /* Gist_Binding.xcdatamodeld */; };
		BABFCBB32BD90E78005FE0A4 /* BackgroundPicker.swift in Sources */ = {isa = PBXBuildFile; fileRef = BABFCBB22BD90E78005FE0A4 /* BackgroundPicker.swift */; };
/* End PBXBuildFile section */

/* Begin PBXFileReference section */
		BABFCB9C2BD8F833005FE0A4 /* Gist_Binding.app */ = {isa = PBXFileReference; explicitFileType = wrapper.application; includeInIndex = 0; path = Gist_Binding.app; sourceTree = BUILT_PRODUCTS_DIR; };
		BABFCB9F2BD8F833005FE0A4 /* Gist_BindingApp.swift */ = {isa = PBXFileReference; lastKnownFileType = sourcecode.swift; path = Gist_BindingApp.swift; sourceTree = "<group>"; };
		BABFCBA12BD8F833005FE0A4 /* ContentView.swift */ = {isa = PBXFileReference; lastKnownFileType = sourcecode.swift; path = ContentView.swift; sourceTree = "<group>"; };
		BABFCBA32BD8F835005FE0A4 /* Assets.xcassets */ = {isa = PBXFileReference; lastKnownFileType = folder.assetcatalog; path = Assets.xcassets; sourceTree = "<group>"; };
		BABFCBA62BD8F835005FE0A4 /* Preview Assets.xcassets */ = {isa = PBXFileReference; lastKnownFileType = folder.assetcatalog; path = "Preview Assets.xcassets"; sourceTree = "<group>"; };
		BABFCBA82BD8F835005FE0A4 /* Persistence.swift */ = {isa = PBXFileReference; lastKnownFileType = sourcecode.swift; path = Persistence.swift; sourceTree = "<group>"; };
		BABFCBAB2BD8F835005FE0A4 /* Gist_Binding.xcdatamodel */ = {isa = PBXFileReference; lastKnownFileType = wrapper.xcdatamodel; path = Gist_Binding.xcdatamodel; sourceTree = "<group>"; };
		BABFCBB22BD90E78005FE0A4 /* BackgroundPicker.swift */ = {isa = PBXFileReference; lastKnownFileType = sourcecode.swift; path = BackgroundPicker.swift; sourceTree = "<group>"; };
/* End PBXFileReference section */

/* Begin PBXFrameworksBuildPhase section */
		BABFCB992BD8F833005FE0A4 /* Frameworks */ = {
			isa = PBXFrameworksBuildPhase;
			buildActionMask = 2147483647;
			files = (
			);
			runOnlyForDeploymentPostprocessing = 0;
		};
/* End PBXFrameworksBuildPhase section */

/* Begin PBXGroup section */
		BABFCB932BD8F833005FE0A4 = {
			isa = PBXGroup;
			children = (
				BABFCB9E2BD8F833005FE0A4 /* Gist_Binding */,
				BABFCB9D2BD8F833005FE0A4 /* Products */,
			);
			sourceTree = "<group>";
		};
		BABFCB9D2BD8F833005FE0A4 /* Products */ = {
			isa = PBXGroup;
			children = (
				BABFCB9C2BD8F833005FE0A4 /* Gist_Binding.app */,
			);
			name = Products;
			sourceTree = "<group>";
		};
		BABFCB9E2BD8F833005FE0A4 /* Gist_Binding */ = {
			isa = PBXGroup;
			children = (
				BABFCB9F2BD8F833005FE0A4 /* Gist_BindingApp.swift */,
				BABFCBA12BD8F833005FE0A4 /* ContentView.swift */,
				BABFCBB22BD90E78005FE0A4 /* BackgroundPicker.swift */,
				BABFCBA32BD8F835005FE0A4 /* Assets.xcassets */,
				BABFCBA82BD8F835005FE0A4 /* Persistence.swift */,
				BABFCBAA2BD8F835005FE0A4 /* Gist_Binding.xcdatamodeld */,
				BABFCBA52BD8F835005FE0A4 /* Preview Content */,
			);
			path = Gist_Binding;
			sourceTree = "<group>";
		};
		BABFCBA52BD8F835005FE0A4 /* Preview Content */ = {
			isa = PBXGroup;
			children = (
				BABFCBA62BD8F835005FE0A4 /* Preview Assets.xcassets */,
			);
			path = "Preview Content";
			sourceTree = "<group>";
		};
/* End PBXGroup section */

/* Begin PBXNativeTarget section */
		BABFCB9B2BD8F833005FE0A4 /* Gist_Binding */ = {
			isa = PBXNativeTarget;
			buildConfigurationList = BABFCBAF2BD8F835005FE0A4 /* Build configuration list for PBXNativeTarget "Gist_Binding" */;
			buildPhases = (
				BABFCB982BD8F833005FE0A4 /* Sources */,
				BABFCB992BD8F833005FE0A4 /* Frameworks */,
				BABFCB9A2BD8F833005FE0A4 /* Resources */,
			);
			buildRules = (
			);
			dependencies = (
			);
			name = Gist_Binding;
			productName = Gist_Binding;
			productReference = BABFCB9C2BD8F833005FE0A4 /* Gist_Binding.app */;
			productType = "com.apple.product-type.application";
		};
/* End PBXNativeTarget section */

/* Begin PBXProject section */
		BABFCB942BD8F833005FE0A4 /* Project object */ = {
			isa = PBXProject;
			attributes = {
				BuildIndependentTargetsInParallel = 1;
				LastSwiftUpdateCheck = 1530;
				LastUpgradeCheck = 1530;
				TargetAttributes = {
					BABFCB9B2BD8F833005FE0A4 = {
						CreatedOnToolsVersion = 15.3;
					};
				};
			};
			buildConfigurationList = BABFCB972BD8F833005FE0A4 /* Build configuration list for PBXProject "Gist_Binding" */;
			compatibilityVersion = "Xcode 14.0";
			developmentRegion = en;
			hasScannedForEncodings = 0;
			knownRegions = (
				en,
				Base,
			);
			mainGroup = BABFCB932BD8F833005FE0A4;
			productRefGroup = BABFCB9D2BD8F833005FE0A4 /* Products */;
			projectDirPath = "";
			projectRoot = "";
			targets = (
				BABFCB9B2BD8F833005FE0A4 /* Gist_Binding */,
			);
		};
/* End PBXProject section */

/* Begin PBXResourcesBuildPhase section */
		BABFCB9A2BD8F833005FE0A4 /* Resources */ = {
			isa = PBXResourcesBuildPhase;
			buildActionMask = 2147483647;
			files = (
				BABFCBA72BD8F835005FE0A4 /* Preview Assets.xcassets in Resources */,
				BABFCBA42BD8F835005FE0A4 /* Assets.xcassets in Resources */,
			);
			runOnlyForDeploymentPostprocessing = 0;
		};
/* End PBXResourcesBuildPhase section */

/* Begin PBXSourcesBuildPhase section */
		BABFCB982BD8F833005FE0A4 /* Sources */ = {
			isa = PBXSourcesBuildPhase;
			buildActionMask = 2147483647;
			files = (
				BABFCBA92BD8F835005FE0A4 /* Persistence.swift in Sources */,
				BABFCBA22BD8F833005FE0A4 /* ContentView.swift in Sources */,
				BABFCBAC2BD8F835005FE0A4 /* Gist_Binding.xcdatamodeld in Sources */,
				BABFCBB32BD90E78005FE0A4 /* BackgroundPicker.swift in Sources */,
				BABFCBA02BD8F833005FE0A4 /* Gist_BindingApp.swift in Sources */,
			);
			runOnlyForDeploymentPostprocessing = 0;
		};
/* End PBXSourcesBuildPhase section */

/* Begin XCBuildConfiguration section */
		BABFCBAD2BD8F835005FE0A4 /* Debug */ = {
			isa = XCBuildConfiguration;
			buildSettings = {
				ALWAYS_SEARCH_USER_PATHS = NO;
				ASSETCATALOG_COMPILER_GENERATE_SWIFT_ASSET_SYMBOL_EXTENSIONS = YES;
				CLANG_ANALYZER_NONNULL = YES;
				CLANG_ANALYZER_NUMBER_OBJECT_CONVERSION = YES_AGGRESSIVE;
				CLANG_CXX_LANGUAGE_STANDARD = "gnu++20";
				CLANG_ENABLE_MODULES = YES;
				CLANG_ENABLE_OBJC_ARC = YES;
				CLANG_ENABLE_OBJC_WEAK = YES;
				CLANG_WARN_BLOCK_CAPTURE_AUTORELEASING = YES;
				CLANG_WARN_BOOL_CONVERSION = YES;
				CLANG_WARN_COMMA = YES;
				CLANG_WARN_CONSTANT_CONVERSION = YES;
				CLANG_WARN_DEPRECATED_OBJC_IMPLEMENTATIONS = YES;
				CLANG_WARN_DIRECT_OBJC_ISA_USAGE = YES_ERROR;
				CLANG_WARN_DOCUMENTATION_COMMENTS = YES;
				CLANG_WARN_EMPTY_BODY = YES;
				CLANG_WARN_ENUM_CONVERSION = YES;
				CLANG_WARN_INFINITE_RECURSION = YES;
				CLANG_WARN_INT_CONVERSION = YES;
				CLANG_WARN_NON_LITERAL_NULL_CONVERSION = YES;
				CLANG_WARN_OBJC_IMPLICIT_RETAIN_SELF = YES;
				CLANG_WARN_OBJC_LITERAL_CONVERSION = YES;
				CLANG_WARN_OBJC_ROOT_CLASS = YES_ERROR;
				CLANG_WARN_QUOTED_INCLUDE_IN_FRAMEWORK_HEADER = YES;
				CLANG_WARN_RANGE_LOOP_ANALYSIS = YES;
				CLANG_WARN_STRICT_PROTOTYPES = YES;
				CLANG_WARN_SUSPICIOUS_MOVE = YES;
				CLANG_WARN_UNGUARDED_AVAILABILITY = YES_AGGRESSIVE;
				CLANG_WARN_UNREACHABLE_CODE = YES;
				CLANG_WARN__DUPLICATE_METHOD_MATCH = YES;
				COPY_PHASE_STRIP = NO;
				DEBUG_INFORMATION_FORMAT = dwarf;
				ENABLE_STRICT_OBJC_MSGSEND = YES;
				ENABLE_TESTABILITY = YES;
				ENABLE_USER_SCRIPT_SANDBOXING = YES;
				GCC_C_LANGUAGE_STANDARD = gnu17;
				GCC_DYNAMIC_NO_PIC = NO;
				GCC_NO_COMMON_BLOCKS = YES;
				GCC_OPTIMIZATION_LEVEL = 0;
				GCC_PREPROCESSOR_DEFINITIONS = (
					"DEBUG=1",
					"$(inherited)",
				);
				GCC_WARN_64_TO_32_BIT_CONVERSION = YES;
				GCC_WARN_ABOUT_RETURN_TYPE = YES_ERROR;
				GCC_WARN_UNDECLARED_SELECTOR = YES;
				GCC_WARN_UNINITIALIZED_AUTOS = YES_AGGRESSIVE;
				GCC_WARN_UNUSED_FUNCTION = YES;
				GCC_WARN_UNUSED_VARIABLE = YES;
				IPHONEOS_DEPLOYMENT_TARGET = 17.4;
				LOCALIZATION_PREFERS_STRING_CATALOGS = YES;
				MTL_ENABLE_DEBUG_INFO = INCLUDE_SOURCE;
				MTL_FAST_MATH = YES;
				ONLY_ACTIVE_ARCH = YES;
				SDKROOT = iphoneos;
				SWIFT_ACTIVE_COMPILATION_CONDITIONS = "DEBUG $(inherited)";
				SWIFT_OPTIMIZATION_LEVEL = "-Onone";
			};
			name = Debug;
		};
		BABFCBAE2BD8F835005FE0A4 /* Release */ = {
			isa = XCBuildConfiguration;
			buildSettings = {
				ALWAYS_SEARCH_USER_PATHS = NO;
				ASSETCATALOG_COMPILER_GENERATE_SWIFT_ASSET_SYMBOL_EXTENSIONS = YES;
				CLANG_ANALYZER_NONNULL = YES;
				CLANG_ANALYZER_NUMBER_OBJECT_CONVERSION = YES_AGGRESSIVE;
				CLANG_CXX_LANGUAGE_STANDARD = "gnu++20";
				CLANG_ENABLE_MODULES = YES;
				CLANG_ENABLE_OBJC_ARC = YES;
				CLANG_ENABLE_OBJC_WEAK = YES;
				CLANG_WARN_BLOCK_CAPTURE_AUTORELEASING = YES;
				CLANG_WARN_BOOL_CONVERSION = YES;
				CLANG_WARN_COMMA = YES;
				CLANG_WARN_CONSTANT_CONVERSION = YES;
				CLANG_WARN_DEPRECATED_OBJC_IMPLEMENTATIONS = YES;
				CLANG_WARN_DIRECT_OBJC_ISA_USAGE = YES_ERROR;
				CLANG_WARN_DOCUMENTATION_COMMENTS = YES;
				CLANG_WARN_EMPTY_BODY = YES;
				CLANG_WARN_ENUM_CONVERSION = YES;
				CLANG_WARN_INFINITE_RECURSION = YES;
				CLANG_WARN_INT_CONVERSION = YES;
				CLANG_WARN_NON_LITERAL_NULL_CONVERSION = YES;
				CLANG_WARN_OBJC_IMPLICIT_RETAIN_SELF = YES;
				CLANG_WARN_OBJC_LITERAL_CONVERSION = YES;
				CLANG_WARN_OBJC_ROOT_CLASS = YES_ERROR;
				CLANG_WARN_QUOTED_INCLUDE_IN_FRAMEWORK_HEADER = YES;
				CLANG_WARN_RANGE_LOOP_ANALYSIS = YES;
				CLANG_WARN_STRICT_PROTOTYPES = YES;
				CLANG_WARN_SUSPICIOUS_MOVE = YES;
				CLANG_WARN_UNGUARDED_AVAILABILITY = YES_AGGRESSIVE;
				CLANG_WARN_UNREACHABLE_CODE = YES;
				CLANG_WARN__DUPLICATE_METHOD_MATCH = YES;
				COPY_PHASE_STRIP = NO;
				DEBUG_INFORMATION_FORMAT = "dwarf-with-dsym";
				ENABLE_NS_ASSERTIONS = NO;
				ENABLE_STRICT_OBJC_MSGSEND = YES;
				ENABLE_USER_SCRIPT_SANDBOXING = YES;
				GCC_C_LANGUAGE_STANDARD = gnu17;
				GCC_NO_COMMON_BLOCKS = YES;
				GCC_WARN_64_TO_32_BIT_CONVERSION = YES;
				GCC_WARN_ABOUT_RETURN_TYPE = YES_ERROR;
				GCC_WARN_UNDECLARED_SELECTOR = YES;
				GCC_WARN_UNINITIALIZED_AUTOS = YES_AGGRESSIVE;
				GCC_WARN_UNUSED_FUNCTION = YES;
				GCC_WARN_UNUSED_VARIABLE = YES;
				IPHONEOS_DEPLOYMENT_TARGET = 17.4;
				LOCALIZATION_PREFERS_STRING_CATALOGS = YES;
				MTL_ENABLE_DEBUG_INFO = NO;
				MTL_FAST_MATH = YES;
				SDKROOT = iphoneos;
				SWIFT_COMPILATION_MODE = wholemodule;
				VALIDATE_PRODUCT = YES;
			};
			name = Release;
		};
		BABFCBB02BD8F835005FE0A4 /* Debug */ = {
			isa = XCBuildConfiguration;
			buildSettings = {
				ASSETCATALOG_COMPILER_APPICON_NAME = AppIcon;
				ASSETCATALOG_COMPILER_GLOBAL_ACCENT_COLOR_NAME = AccentColor;
				CODE_SIGN_STYLE = Automatic;
				CURRENT_PROJECT_VERSION = 1;
				DEVELOPMENT_ASSET_PATHS = "\"Gist_Binding/Preview Content\"";
				DEVELOPMENT_TEAM = MX9R35NP29;
				ENABLE_PREVIEWS = YES;
				GENERATE_INFOPLIST_FILE = YES;
				INFOPLIST_KEY_UIApplicationSceneManifest_Generation = YES;
				INFOPLIST_KEY_UIApplicationSupportsIndirectInputEvents = YES;
				INFOPLIST_KEY_UILaunchScreen_Generation = YES;
				INFOPLIST_KEY_UISupportedInterfaceOrientations_iPad = "UIInterfaceOrientationPortrait UIInterfaceOrientationPortraitUpsideDown UIInterfaceOrientationLandscapeLeft UIInterfaceOrientationLandscapeRight";
				INFOPLIST_KEY_UISupportedInterfaceOrientations_iPhone = "UIInterfaceOrientationPortrait UIInterfaceOrientationLandscapeLeft UIInterfaceOrientationLandscapeRight";
				LD_RUNPATH_SEARCH_PATHS = (
					"$(inherited)",
					"@executable_path/Frameworks",
				);
				MARKETING_VERSION = 1.0;
				PRODUCT_BUNDLE_IDENTIFIER = "net.bs.Gist-Binding";
				PRODUCT_NAME = "$(TARGET_NAME)";
				SWIFT_EMIT_LOC_STRINGS = YES;
				SWIFT_VERSION = 5.0;
				TARGETED_DEVICE_FAMILY = "1,2";
			};
			name = Debug;
		};
		BABFCBB12BD8F835005FE0A4 /* Release */ = {
			isa = XCBuildConfiguration;
			buildSettings = {
				ASSETCATALOG_COMPILER_APPICON_NAME = AppIcon;
				ASSETCATALOG_COMPILER_GLOBAL_ACCENT_COLOR_NAME = AccentColor;
				CODE_SIGN_STYLE = Automatic;
				CURRENT_PROJECT_VERSION = 1;
				DEVELOPMENT_ASSET_PATHS = "\"Gist_Binding/Preview Content\"";
				DEVELOPMENT_TEAM = MX9R35NP29;
				ENABLE_PREVIEWS = YES;
				GENERATE_INFOPLIST_FILE = YES;
				INFOPLIST_KEY_UIApplicationSceneManifest_Generation = YES;
				INFOPLIST_KEY_UIApplicationSupportsIndirectInputEvents = YES;
				INFOPLIST_KEY_UILaunchScreen_Generation = YES;
				INFOPLIST_KEY_UISupportedInterfaceOrientations_iPad = "UIInterfaceOrientationPortrait UIInterfaceOrientationPortraitUpsideDown UIInterfaceOrientationLandscapeLeft UIInterfaceOrientationLandscapeRight";
				INFOPLIST_KEY_UISupportedInterfaceOrientations_iPhone = "UIInterfaceOrientationPortrait UIInterfaceOrientationLandscapeLeft UIInterfaceOrientationLandscapeRight";
				LD_RUNPATH_SEARCH_PATHS = (
					"$(inherited)",
					"@executable_path/Frameworks",
				);
				MARKETING_VERSION = 1.0;
				PRODUCT_BUNDLE_IDENTIFIER = "net.bs.Gist-Binding";
				PRODUCT_NAME = "$(TARGET_NAME)";
				SWIFT_EMIT_LOC_STRINGS = YES;
				SWIFT_VERSION = 5.0;
				TARGETED_DEVICE_FAMILY = "1,2";
			};
			name = Release;
		};
/* End XCBuildConfiguration section */

/* Begin XCConfigurationList section */
		BABFCB972BD8F833005FE0A4 /* Build configuration list for PBXProject "Gist_Binding" */ = {
			isa = XCConfigurationList;
			buildConfigurations = (
				BABFCBAD2BD8F835005FE0A4 /* Debug */,
				BABFCBAE2BD8F835005FE0A4 /* Release */,
			);
			defaultConfigurationIsVisible = 0;
			defaultConfigurationName = Release;
		};
		BABFCBAF2BD8F835005FE0A4 /* Build configuration list for PBXNativeTarget "Gist_Binding" */ = {
			isa = XCConfigurationList;
			buildConfigurations = (
				BABFCBB02BD8F835005FE0A4 /* Debug */,
				BABFCBB12BD8F835005FE0A4 /* Release */,
			);
			defaultConfigurationIsVisible = 0;
			defaultConfigurationName = Release;
		};
/* End XCConfigurationList section */

/* Begin XCVersionGroup section */
		BABFCBAA2BD8F835005FE0A4 /* Gist_Binding.xcdatamodeld */ = {
			isa = XCVersionGroup;
			children = (
				BABFCBAB2BD8F835005FE0A4 /* Gist_Binding.xcdatamodel */,
			);
			currentVersion = BABFCBAB2BD8F835005FE0A4 /* Gist_Binding.xcdatamodel */;
			path = Gist_Binding.xcdatamodeld;
			sourceTree = "<group>";
			versionGroupType = wrapper.xcdatamodel;
		};
/* End XCVersionGroup section */
	};
	rootObject = BABFCB942BD8F833005FE0A4 /* Project object */;
}
